
Microsoft Visual Studio Solution File, Format Version 12.00
# Visual Studio Version 17
VisualStudioVersion = 17.3.32819.101
MinimumVisualStudioVersion = 10.0.40219.1
Project("{FAE04EC0-301F-11D3-BF4B-00C04F79EFBC}") = "MinecraftServerInfo", "MinecraftServerInfo.csproj", "{9CBCC9A7-F1DC-4A78-8A1D-420D40EF67B9}"
EndProject
Project("{FAE04EC0-301F-11D3-BF4B-00C04F79EFBC}") = "Example", "Example\Example.csproj", "{600A8739-2BEE-4A15-9BB9-51CC1655B600}"
EndProject
Global
	GlobalSection(SolutionConfigurationPlatforms) = preSolution
		Debug|Any CPU = Debug|Any CPU
		Release|Any CPU = Release|Any CPU
	EndGlobalSection
	GlobalSection(ProjectConfigurationPlatforms) = postSolution
		{9CBCC9A7-F1DC-4A78-8A1D-420D40EF67B9}.Debug|Any CPU.ActiveCfg = Debug|Any CPU
		{9CBCC9A7-F1DC-4A78-8A1D-420D40EF67B9}.Debug|Any CPU.Build.0 = Debug|Any CPU
		{9CBCC9A7-F1DC-4A78-8A1D-420D40EF67B9}.Release|Any CPU.ActiveCfg = Release|Any CPU
		{9CBCC9A7-F1DC-4A78-8A1D-420D40EF67B9}.Release|Any CPU.Build.0 = Release|Any CPU
		{600A8739-2BEE-4A15-9BB9-51CC1655B600}.Debug|Any CPU.ActiveCfg = Debug|Any CPU
		{600A8739-2BEE-4A15-9BB9-51CC1655B600}.Debug|Any CPU.Build.0 = Debug|Any CPU
		{600A8739-2BEE-4A15-9BB9-51CC1655B600}.Release|Any CPU.ActiveCfg = Release|Any CPU
		{600A8739-2BEE-4A15-9BB9-51CC1655B600}.Release|Any CPU.Build.0 = Release|Any CPU
	EndGlobalSection
	GlobalSection(SolutionProperties) = preSolution
		HideSolutionNode = FALSE
	EndGlobalSection
	GlobalSection(ExtensibilityGlobals) = postSolution
		SolutionGuid = {450F7006-5EBB-4615-9F53-BA56838F399F}
	EndGlobalSection
EndGlobal
